{
  "pins" : [
    {
      "identity" : "maptaptiler",
      "kind" : "remoteSourceControl",
      "location" : "git@github.com:halmueller/MapTapTiler.git",
      "state" : {
        "branch" : "develop",
        "revision" : "9527921626a9af473d39f78e1f39101ff3649e0f"
      }
    }
  ],
  "version" : 2
}
