{
  "object": {
    "pins": [
      {
        "package": "MapTapTiler",
        "repositoryURL": "git@github.com:halmueller/MapTapTiler.git",
        "state": {
          "branch": "develop",
          "revision": "95e4363bc86cf3b58c1963b906bc0cd8ceffa9db",
          "version": null
        }
      }
    ]
  },
  "version": 1
}
